# THIS IS AN AUTOGENERATED FILE. DO NOT EDIT THIS FILE DIRECTLY.
# yarn lockfile v1


jquery-backstretch@^2.1.16:
  version "2.1.16"
  resolved "https://registry.yarnpkg.com/jquery-backstretch/-/jquery-backstretch-2.1.16.tgz#4ee7547dcb85cf69eed2639cac0c9131651dc5e7"
  dependencies:
    jquery "^3.1.1"

jquery@^3.1.1:
  version "3.3.1"
  resolved "https://registry.yarnpkg.com/jquery/-/jquery-3.3.1.tgz#958ce29e81c9790f31be7792df5d4d95fc57fbca"
